// !$*UTF8*$!
{
	archiveVersion = 1;
	classes = {
	};
	objectVersion = 46;
	objects = {

/* Begin PBXBuildFile section */
		E692F18A1736D2EC005B0438 /* LoginViewController.xib in Resources */ = {isa = PBXBuildFile; fileRef = E692F1891736D2EC005B0438 /* LoginViewController.xib */; };
		E692F18D1736D896005B0438 /* SyncContactViewController.m in Sources */ = {isa = PBXBuildFile; fileRef = E692F18C1736D896005B0438 /* SyncContactViewController.m */; };
		E6D0DD86173693D700F3E399 /* UIKit.framework in Frameworks */ = {isa = PBXBuildFile; fileRef = E6D0DD85173693D700F3E399 /* UIKit.framework */; };
		E6D0DD88173693D700F3E399 /* Foundation.framework in Frameworks */ = {isa = PBXBuildFile; fileRef = E6D0DD87173693D700F3E399 /* Foundation.framework */; };
		E6D0DD8A173693D700F3E399 /* CoreGraphics.framework in Frameworks */ = {isa = PBXBuildFile; fileRef = E6D0DD89173693D700F3E399 /* CoreGraphics.framework */; };
		E6D0DDAA173693D800F3E399 /* SenTestingKit.framework in Frameworks */ = {isa = PBXBuildFile; fileRef = E6D0DDA9173693D800F3E399 /* SenTestingKit.framework */; };
		E6D0DDAB173693D800F3E399 /* UIKit.framework in Frameworks */ = {isa = PBXBuildFile; fileRef = E6D0DD85173693D700F3E399 /* UIKit.framework */; };
		E6D0DDAC173693D800F3E399 /* Foundation.framework in Frameworks */ = {isa = PBXBuildFile; fileRef = E6D0DD87173693D700F3E399 /* Foundation.framework */; };
		E6D0DDB4173693D800F3E399 /* InfoPlist.strings in Resources */ = {isa = PBXBuildFile; fileRef = E6D0DDB2173693D800F3E399 /* InfoPlist.strings */; };
		E6D0DDB7173693D800F3E399 /* AddressBookTests.m in Sources */ = {isa = PBXBuildFile; fileRef = E6D0DDB6173693D800F3E399 /* AddressBookTests.m */; };
		E6D0DDD51736951A00F3E399 /* AppDelegate.m in Sources */ = {isa = PBXBuildFile; fileRef = E6D0DDC51736951A00F3E399 /* AppDelegate.m */; };
		E6D0DDD61736951A00F3E399 /* main.m in Sources */ = {isa = PBXBuildFile; fileRef = E6D0DDC61736951A00F3E399 /* main.m */; };
		E6D0DDD71736951A00F3E399 /* Default-568h@2x.png in Resources */ = {isa = PBXBuildFile; fileRef = E6D0DDCC1736951A00F3E399 /* Default-568h@2x.png */; };
		E6D0DDD81736951A00F3E399 /* Default.png in Resources */ = {isa = PBXBuildFile; fileRef = E6D0DDCD1736951A00F3E399 /* Default.png */; };
		E6D0DDD91736951A00F3E399 /* Default@2x.png in Resources */ = {isa = PBXBuildFile; fileRef = E6D0DDCE1736951A00F3E399 /* Default@2x.png */; };
		E6D0DDDA1736951A00F3E399 /* TutorialStoryboard.storyboard in Resources */ = {isa = PBXBuildFile; fileRef = E6D0DDD31736951A00F3E399 /* TutorialStoryboard.storyboard */; };
		E6D0DDF41736993400F3E399 /* NSURLRequest+Wantedly.mm in Sources */ = {isa = PBXBuildFile; fileRef = E6D0DDDF1736993400F3E399 /* NSURLRequest+Wantedly.mm */; };
		E6D0DDF51736993400F3E399 /* NavigationController.m in Sources */ = {isa = PBXBuildFile; fileRef = E6D0DDE31736993400F3E399 /* NavigationController.m */; };
		E6D0DDF61736993400F3E399 /* TableViewController.m in Sources */ = {isa = PBXBuildFile; fileRef = E6D0DDE51736993400F3E399 /* TableViewController.m */; };
		E6D0DDF71736993400F3E399 /* WebViewController.m in Sources */ = {isa = PBXBuildFile; fileRef = E6D0DDE71736993400F3E399 /* WebViewController.m */; };
		E6D0DDF81736993400F3E399 /* UIButton+Custom.m in Sources */ = {isa = PBXBuildFile; fileRef = E6D0DDEB1736993400F3E399 /* UIButton+Custom.m */; };
		E6D0DDF91736993400F3E399 /* UIColor+Hexadecimal.m in Sources */ = {isa = PBXBuildFile; fileRef = E6D0DDEE1736993400F3E399 /* UIColor+Hexadecimal.m */; };
		E6D0DDFE17369D0600F3E399 /* UINavigationBar+Custom.m in Sources */ = {isa = PBXBuildFile; fileRef = E6D0DDFC17369D0600F3E399 /* UINavigationBar+Custom.m */; };
		E6D0DDFF17369D0600F3E399 /* UINavigationItem+Custom.m in Sources */ = {isa = PBXBuildFile; fileRef = E6D0DDFD17369D0600F3E399 /* UINavigationItem+Custom.m */; };
		E6D0DE031736A4F800F3E399 /* tutorial_button_facebook.png in Resources */ = {isa = PBXBuildFile; fileRef = E6D0DE011736A4F800F3E399 /* tutorial_button_facebook.png */; };
		E6D0DE041736A4F800F3E399 /* tutorial_button_facebook_touched.png in Resources */ = {isa = PBXBuildFile; fileRef = E6D0DE021736A4F800F3E399 /* tutorial_button_facebook_touched.png */; };
		E6D0DE091736AC4200F3E399 /* tutorial_button_cancel_import_touched.png in Resources */ = {isa = PBXBuildFile; fileRef = E6D0DE071736AC4200F3E399 /* tutorial_button_cancel_import_touched.png */; };
		E6D0DE0A1736AC4200F3E399 /* tutorial_button_cancel_import.png in Resources */ = {isa = PBXBuildFile; fileRef = E6D0DE081736AC4200F3E399 /* tutorial_button_cancel_import.png */; };
		E6D0DE0D1736B63300F3E399 /* tutorial_button_gmail_touched.png in Resources */ = {isa = PBXBuildFile; fileRef = E6D0DE0B1736B63300F3E399 /* tutorial_button_gmail_touched.png */; };
		E6D0DE0E1736B63300F3E399 /* tutorial_button_gmail.png in Resources */ = {isa = PBXBuildFile; fileRef = E6D0DE0C1736B63300F3E399 /* tutorial_button_gmail.png */; };
		E6D0DE111736C40100F3E399 /* tutorial_button_close_touched.png in Resources */ = {isa = PBXBuildFile; fileRef = E6D0DE0F1736C40000F3E399 /* tutorial_button_close_touched.png */; };
		E6D0DE121736C40100F3E399 /* tutorial_button_close.png in Resources */ = {isa = PBXBuildFile; fileRef = E6D0DE101736C40000F3E399 /* tutorial_button_close.png */; };
		E6D0DE211736CD3400F3E399 /* TutorialNavigationController.m in Sources */ = {isa = PBXBuildFile; fileRef = E6D0DE191736CD3400F3E399 /* TutorialNavigationController.m */; };
		E6D0DE241736CD3400F3E399 /* WelcomeViewController.m in Sources */ = {isa = PBXBuildFile; fileRef = E6D0DE1E1736CD3400F3E399 /* WelcomeViewController.m */; };
/* End PBXBuildFile section */

/* Begin PBXContainerItemProxy section */
		E6D0DDAD173693D800F3E399 /* PBXContainerItemProxy */ = {
			isa = PBXContainerItemProxy;
			containerPortal = E6D0DD7A173693D700F3E399 /* Project object */;
			proxyType = 1;
			remoteGlobalIDString = E6D0DD81173693D700F3E399;
			remoteInfo = AddressBook;
		};
/* End PBXContainerItemProxy section */

/* Begin PBXFileReference section */
		E692F1891736D2EC005B0438 /* LoginViewController.xib */ = {isa = PBXFileReference; fileEncoding = 4; lastKnownFileType = file.xib; path = LoginViewController.xib; sourceTree = "<group>"; };
		E692F18B1736D896005B0438 /* SyncContactViewController.h */ = {isa = PBXFileReference; fileEncoding = 4; lastKnownFileType = sourcecode.c.h; path = SyncContactViewController.h; sourceTree = "<group>"; };
		E692F18C1736D896005B0438 /* SyncContactViewController.m */ = {isa = PBXFileReference; fileEncoding = 4; lastKnownFileType = sourcecode.c.objc; path = SyncContactViewController.m; sourceTree = "<group>"; };
		E6D0DD82173693D700F3E399 /* AddressBook.app */ = {isa = PBXFileReference; explicitFileType = wrapper.application; includeInIndex = 0; path = AddressBook.app; sourceTree = BUILT_PRODUCTS_DIR; };
		E6D0DD85173693D700F3E399 /* UIKit.framework */ = {isa = PBXFileReference; lastKnownFileType = wrapper.framework; name = UIKit.framework; path = System/Library/Frameworks/UIKit.framework; sourceTree = SDKROOT; };
		E6D0DD87173693D700F3E399 /* Foundation.framework */ = {isa = PBXFileReference; lastKnownFileType = wrapper.framework; name = Foundation.framework; path = System/Library/Frameworks/Foundation.framework; sourceTree = SDKROOT; };
		E6D0DD89173693D700F3E399 /* CoreGraphics.framework */ = {isa = PBXFileReference; lastKnownFileType = wrapper.framework; name = CoreGraphics.framework; path = System/Library/Frameworks/CoreGraphics.framework; sourceTree = SDKROOT; };
		E6D0DDA8173693D800F3E399 /* AddressBookTests.octest */ = {isa = PBXFileReference; explicitFileType = wrapper.cfbundle; includeInIndex = 0; path = AddressBookTests.octest; sourceTree = BUILT_PRODUCTS_DIR; };
		E6D0DDA9173693D800F3E399 /* SenTestingKit.framework */ = {isa = PBXFileReference; lastKnownFileType = wrapper.framework; name = SenTestingKit.framework; path = Library/Frameworks/SenTestingKit.framework; sourceTree = DEVELOPER_DIR; };
		E6D0DDB1173693D800F3E399 /* AddressBookTests-Info.plist */ = {isa = PBXFileReference; lastKnownFileType = text.plist.xml; path = "AddressBookTests-Info.plist"; sourceTree = "<group>"; };
		E6D0DDB3173693D800F3E399 /* en */ = {isa = PBXFileReference; lastKnownFileType = text.plist.strings; name = en; path = en.lproj/InfoPlist.strings; sourceTree = "<group>"; };
		E6D0DDB5173693D800F3E399 /* AddressBookTests.h */ = {isa = PBXFileReference; lastKnownFileType = sourcecode.c.h; path = AddressBookTests.h; sourceTree = "<group>"; };
		E6D0DDB6173693D800F3E399 /* AddressBookTests.m */ = {isa = PBXFileReference; lastKnownFileType = sourcecode.c.objc; path = AddressBookTests.m; sourceTree = "<group>"; };
		E6D0DDC01736951A00F3E399 /* AddressBook-Info.plist */ = {isa = PBXFileReference; fileEncoding = 4; lastKnownFileType = text.plist.xml; path = "AddressBook-Info.plist"; sourceTree = "<group>"; };
		E6D0DDC11736951A00F3E399 /* AddressBook-Prefix.pch */ = {isa = PBXFileReference; fileEncoding = 4; lastKnownFileType = sourcecode.c.h; path = "AddressBook-Prefix.pch"; sourceTree = "<group>"; };
		E6D0DDC41736951A00F3E399 /* AppDelegate.h */ = {isa = PBXFileReference; fileEncoding = 4; lastKnownFileType = sourcecode.c.h; path = AppDelegate.h; sourceTree = "<group>"; };
		E6D0DDC51736951A00F3E399 /* AppDelegate.m */ = {isa = PBXFileReference; fileEncoding = 4; lastKnownFileType = sourcecode.c.objc; path = AppDelegate.m; sourceTree = "<group>"; };
		E6D0DDC61736951A00F3E399 /* main.m */ = {isa = PBXFileReference; fileEncoding = 4; lastKnownFileType = sourcecode.c.objc; path = main.m; sourceTree = "<group>"; };
		E6D0DDCC1736951A00F3E399 /* Default-568h@2x.png */ = {isa = PBXFileReference; lastKnownFileType = image.png; path = "Default-568h@2x.png"; sourceTree = "<group>"; };
		E6D0DDCD1736951A00F3E399 /* Default.png */ = {isa = PBXFileReference; lastKnownFileType = image.png; path = Default.png; sourceTree = "<group>"; };
		E6D0DDCE1736951A00F3E399 /* Default@2x.png */ = {isa = PBXFileReference; lastKnownFileType = image.png; path = "Default@2x.png"; sourceTree = "<group>"; };
		E6D0DDD31736951A00F3E399 /* TutorialStoryboard.storyboard */ = {isa = PBXFileReference; fileEncoding = 4; lastKnownFileType = file.storyboard; path = TutorialStoryboard.storyboard; sourceTree = "<group>"; };
		E6D0DDDC1736993400F3E399 /* Common.h */ = {isa = PBXFileReference; fileEncoding = 4; lastKnownFileType = sourcecode.c.h; path = Common.h; sourceTree = "<group>"; };
		E6D0DDDE1736993400F3E399 /* NSURLRequest+Wantedly.h */ = {isa = PBXFileReference; fileEncoding = 4; lastKnownFileType = sourcecode.c.h; path = "NSURLRequest+Wantedly.h"; sourceTree = "<group>"; };
		E6D0DDDF1736993400F3E399 /* NSURLRequest+Wantedly.mm */ = {isa = PBXFileReference; fileEncoding = 4; lastKnownFileType = sourcecode.cpp.objcpp; path = "NSURLRequest+Wantedly.mm"; sourceTree = "<group>"; };
		E6D0DDE21736993400F3E399 /* NavigationController.h */ = {isa = PBXFileReference; fileEncoding = 4; lastKnownFileType = sourcecode.c.h; path = NavigationController.h; sourceTree = "<group>"; };
		E6D0DDE31736993400F3E399 /* NavigationController.m */ = {isa = PBXFileReference; fileEncoding = 4; lastKnownFileType = sourcecode.c.objc; path = NavigationController.m; sourceTree = "<group>"; };
		E6D0DDE41736993400F3E399 /* TableViewController.h */ = {isa = PBXFileReference; fileEncoding = 4; lastKnownFileType = sourcecode.c.h; path = TableViewController.h; sourceTree = "<group>"; };
		E6D0DDE51736993400F3E399 /* TableViewController.m */ = {isa = PBXFileReference; fileEncoding = 4; lastKnownFileType = sourcecode.c.objc; path = TableViewController.m; sourceTree = "<group>"; };
		E6D0DDE61736993400F3E399 /* WebViewController.h */ = {isa = PBXFileReference; fileEncoding = 4; lastKnownFileType = sourcecode.c.h; path = WebViewController.h; sourceTree = "<group>"; };
		E6D0DDE71736993400F3E399 /* WebViewController.m */ = {isa = PBXFileReference; fileEncoding = 4; lastKnownFileType = sourcecode.c.objc; path = WebViewController.m; sourceTree = "<group>"; };
		E6D0DDEA1736993400F3E399 /* UIButton+Custom.h */ = {isa = PBXFileReference; fileEncoding = 4; lastKnownFileType = sourcecode.c.h; path = "UIButton+Custom.h"; sourceTree = "<group>"; };
		E6D0DDEB1736993400F3E399 /* UIButton+Custom.m */ = {isa = PBXFileReference; fileEncoding = 4; lastKnownFileType = sourcecode.c.objc; path = "UIButton+Custom.m"; sourceTree = "<group>"; };
		E6D0DDED1736993400F3E399 /* UIColor+Hexadecimal.h */ = {isa = PBXFileReference; fileEncoding = 4; lastKnownFileType = sourcecode.c.h; path = "UIColor+Hexadecimal.h"; sourceTree = "<group>"; };
		E6D0DDEE1736993400F3E399 /* UIColor+Hexadecimal.m */ = {isa = PBXFileReference; fileEncoding = 4; lastKnownFileType = sourcecode.c.objc; path = "UIColor+Hexadecimal.m"; sourceTree = "<group>"; };
		E6D0DDF01736993400F3E399 /* UINavigationBar+Custom.h */ = {isa = PBXFileReference; fileEncoding = 4; lastKnownFileType = sourcecode.c.h; path = "UINavigationBar+Custom.h"; sourceTree = "<group>"; };
		E6D0DDF21736993400F3E399 /* UINavigationItem+Custom.h */ = {isa = PBXFileReference; fileEncoding = 4; lastKnownFileType = sourcecode.c.h; path = "UINavigationItem+Custom.h"; sourceTree = "<group>"; };
		E6D0DDFC17369D0600F3E399 /* UINavigationBar+Custom.m */ = {isa = PBXFileReference; fileEncoding = 4; lastKnownFileType = sourcecode.c.objc; path = "UINavigationBar+Custom.m"; sourceTree = "<group>"; };
		E6D0DDFD17369D0600F3E399 /* UINavigationItem+Custom.m */ = {isa = PBXFileReference; fileEncoding = 4; lastKnownFileType = sourcecode.c.objc; path = "UINavigationItem+Custom.m"; sourceTree = "<group>"; };
		E6D0DE011736A4F800F3E399 /* tutorial_button_facebook.png */ = {isa = PBXFileReference; lastKnownFileType = image.png; path = tutorial_button_facebook.png; sourceTree = "<group>"; };
		E6D0DE021736A4F800F3E399 /* tutorial_button_facebook_touched.png */ = {isa = PBXFileReference; lastKnownFileType = image.png; path = tutorial_button_facebook_touched.png; sourceTree = "<group>"; };
		E6D0DE071736AC4200F3E399 /* tutorial_button_cancel_import_touched.png */ = {isa = PBXFileReference; lastKnownFileType = image.png; path = tutorial_button_cancel_import_touched.png; sourceTree = "<group>"; };
		E6D0DE081736AC4200F3E399 /* tutorial_button_cancel_import.png */ = {isa = PBXFileReference; lastKnownFileType = image.png; path = tutorial_button_cancel_import.png; sourceTree = "<group>"; };
		E6D0DE0B1736B63300F3E399 /* tutorial_button_gmail_touched.png */ = {isa = PBXFileReference; lastKnownFileType = image.png; path = tutorial_button_gmail_touched.png; sourceTree = "<group>"; };
		E6D0DE0C1736B63300F3E399 /* tutorial_button_gmail.png */ = {isa = PBXFileReference; lastKnownFileType = image.png; path = tutorial_button_gmail.png; sourceTree = "<group>"; };
		E6D0DE0F1736C40000F3E399 /* tutorial_button_close_touched.png */ = {isa = PBXFileReference; lastKnownFileType = image.png; path = tutorial_button_close_touched.png; sourceTree = "<group>"; };
		E6D0DE101736C40000F3E399 /* tutorial_button_close.png */ = {isa = PBXFileReference; lastKnownFileType = image.png; path = tutorial_button_close.png; sourceTree = "<group>"; };
		E6D0DE181736CD3400F3E399 /* TutorialNavigationController.h */ = {isa = PBXFileReference; fileEncoding = 4; lastKnownFileType = sourcecode.c.h; path = TutorialNavigationController.h; sourceTree = "<group>"; };
		E6D0DE191736CD3400F3E399 /* TutorialNavigationController.m */ = {isa = PBXFileReference; fileEncoding = 4; lastKnownFileType = sourcecode.c.objc; path = TutorialNavigationController.m; sourceTree = "<group>"; };
		E6D0DE1D1736CD3400F3E399 /* WelcomeViewController.h */ = {isa = PBXFileReference; fileEncoding = 4; lastKnownFileType = sourcecode.c.h; path = WelcomeViewController.h; sourceTree = "<group>"; };
		E6D0DE1E1736CD3400F3E399 /* WelcomeViewController.m */ = {isa = PBXFileReference; fileEncoding = 4; lastKnownFileType = sourcecode.c.objc; path = WelcomeViewController.m; sourceTree = "<group>"; };
/* End PBXFileReference section */

/* Begin PBXFrameworksBuildPhase section */
		E6D0DD7F173693D700F3E399 /* Frameworks */ = {
			isa = PBXFrameworksBuildPhase;
			buildActionMask = 2147483647;
			files = (
				E6D0DD86173693D700F3E399 /* UIKit.framework in Frameworks */,
				E6D0DD88173693D700F3E399 /* Foundation.framework in Frameworks */,
				E6D0DD8A173693D700F3E399 /* CoreGraphics.framework in Frameworks */,
			);
			runOnlyForDeploymentPostprocessing = 0;
		};
		E6D0DDA4173693D800F3E399 /* Frameworks */ = {
			isa = PBXFrameworksBuildPhase;
			buildActionMask = 2147483647;
			files = (
				E6D0DDAA173693D800F3E399 /* SenTestingKit.framework in Frameworks */,
				E6D0DDAB173693D800F3E399 /* UIKit.framework in Frameworks */,
				E6D0DDAC173693D800F3E399 /* Foundation.framework in Frameworks */,
			);
			runOnlyForDeploymentPostprocessing = 0;
		};
/* End PBXFrameworksBuildPhase section */

/* Begin PBXGroup section */
		E692F1881736D2EC005B0438 /* Login */ = {
			isa = PBXGroup;
			children = (
				E692F1891736D2EC005B0438 /* LoginViewController.xib */,
			);
			path = Login;
			sourceTree = "<group>";
		};
		E6D0DD79173693D700F3E399 = {
			isa = PBXGroup;
			children = (
				E6D0DD8B173693D700F3E399 /* AddressBook */,
				E6D0DDAF173693D800F3E399 /* AddressBookTests */,
				E6D0DD84173693D700F3E399 /* Frameworks */,
				E6D0DD83173693D700F3E399 /* Products */,
			);
			sourceTree = "<group>";
		};
		E6D0DD83173693D700F3E399 /* Products */ = {
			isa = PBXGroup;
			children = (
				E6D0DD82173693D700F3E399 /* AddressBook.app */,
				E6D0DDA8173693D800F3E399 /* AddressBookTests.octest */,
			);
			name = Products;
			sourceTree = "<group>";
		};
		E6D0DD84173693D700F3E399 /* Frameworks */ = {
			isa = PBXGroup;
			children = (
				E6D0DD85173693D700F3E399 /* UIKit.framework */,
				E6D0DD87173693D700F3E399 /* Foundation.framework */,
				E6D0DD89173693D700F3E399 /* CoreGraphics.framework */,
				E6D0DDA9173693D800F3E399 /* SenTestingKit.framework */,
			);
			name = Frameworks;
			sourceTree = "<group>";
		};
		E6D0DD8B173693D700F3E399 /* AddressBook */ = {
			isa = PBXGroup;
			children = (
				E6D0DDC01736951A00F3E399 /* AddressBook-Info.plist */,
				E6D0DDC11736951A00F3E399 /* AddressBook-Prefix.pch */,
				E6D0DDC21736951A00F3E399 /* Classes */,
				E6D0DDC71736951A00F3E399 /* Resources */,
			);
			path = AddressBook;
			sourceTree = "<group>";
		};
		E6D0DDAF173693D800F3E399 /* AddressBookTests */ = {
			isa = PBXGroup;
			children = (
				E6D0DDB5173693D800F3E399 /* AddressBookTests.h */,
				E6D0DDB6173693D800F3E399 /* AddressBookTests.m */,
				E6D0DDB0173693D800F3E399 /* Supporting Files */,
			);
			path = AddressBookTests;
			sourceTree = "<group>";
		};
		E6D0DDB0173693D800F3E399 /* Supporting Files */ = {
			isa = PBXGroup;
			children = (
				E6D0DDB1173693D800F3E399 /* AddressBookTests-Info.plist */,
				E6D0DDB2173693D800F3E399 /* InfoPlist.strings */,
			);
			name = "Supporting Files";
			sourceTree = "<group>";
		};
		E6D0DDC21736951A00F3E399 /* Classes */ = {
			isa = PBXGroup;
			children = (
				E6D0DDC31736951A00F3E399 /* ios */,
			);
			path = Classes;
			sourceTree = "<group>";
		};
		E6D0DDC31736951A00F3E399 /* ios */ = {
			isa = PBXGroup;
			children = (
				E6D0DDC41736951A00F3E399 /* AppDelegate.h */,
				E6D0DDC51736951A00F3E399 /* AppDelegate.m */,
				E6D0DDDB1736993400F3E399 /* Common */,
				E6D0DE131736CD3300F3E399 /* Tutorial */,
				E6D0DDC61736951A00F3E399 /* main.m */,
			);
			path = ios;
			sourceTree = "<group>";
		};
		E6D0DDC71736951A00F3E399 /* Resources */ = {
			isa = PBXGroup;
			children = (
				E6D0DDC81736951A00F3E399 /* Images */,
				E6D0DDCF1736951A00F3E399 /* Localizations */,
				E6D0DDD01736951A00F3E399 /* Nibs */,
				E6D0DDD11736951A00F3E399 /* Sounds */,
				E6D0DDD21736951A00F3E399 /* Storyboards */,
			);
			path = Resources;
			sourceTree = "<group>";
		};
		E6D0DDC81736951A00F3E399 /* Images */ = {
			isa = PBXGroup;
			children = (
				E6D0DDC91736951A00F3E399 /* Common */,
				E6D0DDCA1736951A00F3E399 /* Icon */,
				E6D0DDCB1736951A00F3E399 /* Splash */,
				E6D0DE001736A4F800F3E399 /* Illegal */,
			);
			path = Images;
			sourceTree = "<group>";
		};
		E6D0DDC91736951A00F3E399 /* Common */ = {
			isa = PBXGroup;
			children = (
			);
			path = Common;
			sourceTree = "<group>";
		};
		E6D0DDCA1736951A00F3E399 /* Icon */ = {
			isa = PBXGroup;
			children = (
			);
			path = Icon;
			sourceTree = "<group>";
		};
		E6D0DDCB1736951A00F3E399 /* Splash */ = {
			isa = PBXGroup;
			children = (
				E6D0DDCC1736951A00F3E399 /* Default-568h@2x.png */,
				E6D0DDCD1736951A00F3E399 /* Default.png */,
				E6D0DDCE1736951A00F3E399 /* Default@2x.png */,
			);
			path = Splash;
			sourceTree = "<group>";
		};
		E6D0DDCF1736951A00F3E399 /* Localizations */ = {
			isa = PBXGroup;
			children = (
			);
			path = Localizations;
			sourceTree = "<group>";
		};
		E6D0DDD01736951A00F3E399 /* Nibs */ = {
			isa = PBXGroup;
			children = (
				E692F1881736D2EC005B0438 /* Login */,
			);
			path = Nibs;
			sourceTree = "<group>";
		};
		E6D0DDD11736951A00F3E399 /* Sounds */ = {
			isa = PBXGroup;
			children = (
			);
			path = Sounds;
			sourceTree = "<group>";
		};
		E6D0DDD21736951A00F3E399 /* Storyboards */ = {
			isa = PBXGroup;
			children = (
				E6D0DDD31736951A00F3E399 /* TutorialStoryboard.storyboard */,
			);
			path = Storyboards;
			sourceTree = "<group>";
		};
		E6D0DDDB1736993400F3E399 /* Common */ = {
			isa = PBXGroup;
			children = (
				E6D0DDDC1736993400F3E399 /* Common.h */,
				E6D0DDDD1736993400F3E399 /* NSFoundation-Extension */,
				E6D0DDE01736993400F3E399 /* UIKit */,
				E6D0DDE81736993400F3E399 /* UIKit-Extension */,
			);
			path = Common;
			sourceTree = "<group>";
		};
		E6D0DDDD1736993400F3E399 /* NSFoundation-Extension */ = {
			isa = PBXGroup;
			children = (
				E6D0DDDE1736993400F3E399 /* NSURLRequest+Wantedly.h */,
				E6D0DDDF1736993400F3E399 /* NSURLRequest+Wantedly.mm */,
			);
			path = "NSFoundation-Extension";
			sourceTree = "<group>";
		};
		E6D0DDE01736993400F3E399 /* UIKit */ = {
			isa = PBXGroup;
			children = (
				E6D0DDE11736993400F3E399 /* ViewController */,
			);
			path = UIKit;
			sourceTree = "<group>";
		};
		E6D0DDE11736993400F3E399 /* ViewController */ = {
			isa = PBXGroup;
			children = (
				E6D0DDE21736993400F3E399 /* NavigationController.h */,
				E6D0DDE31736993400F3E399 /* NavigationController.m */,
				E6D0DDE41736993400F3E399 /* TableViewController.h */,
				E6D0DDE51736993400F3E399 /* TableViewController.m */,
				E6D0DDE61736993400F3E399 /* WebViewController.h */,
				E6D0DDE71736993400F3E399 /* WebViewController.m */,
			);
			path = ViewController;
			sourceTree = "<group>";
		};
		E6D0DDE81736993400F3E399 /* UIKit-Extension */ = {
			isa = PBXGroup;
			children = (
				E6D0DDE91736993400F3E399 /* Button */,
				E6D0DDEC1736993400F3E399 /* Color */,
				E6D0DDEF1736993400F3E399 /* NavigationBar */,
			);
			path = "UIKit-Extension";
			sourceTree = "<group>";
		};
		E6D0DDE91736993400F3E399 /* Button */ = {
			isa = PBXGroup;
			children = (
				E6D0DDEA1736993400F3E399 /* UIButton+Custom.h */,
				E6D0DDEB1736993400F3E399 /* UIButton+Custom.m */,
			);
			path = Button;
			sourceTree = "<group>";
		};
		E6D0DDEC1736993400F3E399 /* Color */ = {
			isa = PBXGroup;
			children = (
				E6D0DDED1736993400F3E399 /* UIColor+Hexadecimal.h */,
				E6D0DDEE1736993400F3E399 /* UIColor+Hexadecimal.m */,
			);
			path = Color;
			sourceTree = "<group>";
		};
		E6D0DDEF1736993400F3E399 /* NavigationBar */ = {
			isa = PBXGroup;
			children = (
				E6D0DDFC17369D0600F3E399 /* UINavigationBar+Custom.m */,
				E6D0DDF01736993400F3E399 /* UINavigationBar+Custom.h */,
				E6D0DDFD17369D0600F3E399 /* UINavigationItem+Custom.m */,
				E6D0DDF21736993400F3E399 /* UINavigationItem+Custom.h */,
			);
			path = NavigationBar;
			sourceTree = "<group>";
		};
		E6D0DE001736A4F800F3E399 /* Illegal */ = {
			isa = PBXGroup;
			children = (
				E6D0DE0F1736C40000F3E399 /* tutorial_button_close_touched.png */,
				E6D0DE101736C40000F3E399 /* tutorial_button_close.png */,
				E6D0DE0B1736B63300F3E399 /* tutorial_button_gmail_touched.png */,
				E6D0DE0C1736B63300F3E399 /* tutorial_button_gmail.png */,
				E6D0DE011736A4F800F3E399 /* tutorial_button_facebook.png */,
				E6D0DE021736A4F800F3E399 /* tutorial_button_facebook_touched.png */,
				E6D0DE071736AC4200F3E399 /* tutorial_button_cancel_import_touched.png */,
				E6D0DE081736AC4200F3E399 /* tutorial_button_cancel_import.png */,
			);
			path = Illegal;
			sourceTree = "<group>";
		};
		E6D0DE131736CD3300F3E399 /* Tutorial */ = {
			isa = PBXGroup;
			children = (
				E6D0DE181736CD3400F3E399 /* TutorialNavigationController.h */,
				E6D0DE191736CD3400F3E399 /* TutorialNavigationController.m */,
				E6D0DE1A1736CD3400F3E399 /* Welcome */,
				E6D0DE161736CD3400F3E399 /* SyncContact */,
				E6D0DE171736CD3400F3E399 /* Tutorial */,
			);
			path = Tutorial;
			sourceTree = "<group>";
		};
		E6D0DE161736CD3400F3E399 /* SyncContact */ = {
			isa = PBXGroup;
			children = (
				E692F18B1736D896005B0438 /* SyncContactViewController.h */,
				E692F18C1736D896005B0438 /* SyncContactViewController.m */,
			);
			path = SyncContact;
			sourceTree = "<group>";
		};
		E6D0DE171736CD3400F3E399 /* Tutorial */ = {
			isa = PBXGroup;
			children = (
			);
			path = Tutorial;
			sourceTree = "<group>";
		};
		E6D0DE1A1736CD3400F3E399 /* Welcome */ = {
			isa = PBXGroup;
			children = (
				E6D0DE1D1736CD3400F3E399 /* WelcomeViewController.h */,
				E6D0DE1E1736CD3400F3E399 /* WelcomeViewController.m */,
			);
			path = Welcome;
			sourceTree = "<group>";
		};
/* End PBXGroup section */

/* Begin PBXNativeTarget section */
		E6D0DD81173693D700F3E399 /* AddressBook */ = {
			isa = PBXNativeTarget;
			buildConfigurationList = E6D0DDBA173693D800F3E399 /* Build configuration list for PBXNativeTarget "AddressBook" */;
			buildPhases = (
				E6D0DD7E173693D700F3E399 /* Sources */,
				E6D0DD7F173693D700F3E399 /* Frameworks */,
				E6D0DD80173693D700F3E399 /* Resources */,
			);
			buildRules = (
			);
			dependencies = (
			);
			name = AddressBook;
			productName = AddressBook;
			productReference = E6D0DD82173693D700F3E399 /* AddressBook.app */;
			productType = "com.apple.product-type.application";
		};
		E6D0DDA7173693D800F3E399 /* AddressBookTests */ = {
			isa = PBXNativeTarget;
			buildConfigurationList = E6D0DDBD173693D800F3E399 /* Build configuration list for PBXNativeTarget "AddressBookTests" */;
			buildPhases = (
				E6D0DDA3173693D800F3E399 /* Sources */,
				E6D0DDA4173693D800F3E399 /* Frameworks */,
				E6D0DDA5173693D800F3E399 /* Resources */,
				E6D0DDA6173693D800F3E399 /* ShellScript */,
			);
			buildRules = (
			);
			dependencies = (
				E6D0DDAE173693D800F3E399 /* PBXTargetDependency */,
			);
			name = AddressBookTests;
			productName = AddressBookTests;
			productReference = E6D0DDA8173693D800F3E399 /* AddressBookTests.octest */;
			productType = "com.apple.product-type.bundle";
		};
/* End PBXNativeTarget section */

/* Begin PBXProject section */
		E6D0DD7A173693D700F3E399 /* Project object */ = {
			isa = PBXProject;
			attributes = {
				LastUpgradeCheck = 0460;
				ORGANIZATIONNAME = "Kenzan Hase";
			};
			buildConfigurationList = E6D0DD7D173693D700F3E399 /* Build configuration list for PBXProject "AddressBook" */;
			compatibilityVersion = "Xcode 3.2";
			developmentRegion = English;
			hasScannedForEncodings = 0;
			knownRegions = (
				en,
			);
			mainGroup = E6D0DD79173693D700F3E399;
			productRefGroup = E6D0DD83173693D700F3E399 /* Products */;
			projectDirPath = "";
			projectRoot = "";
			targets = (
				E6D0DD81173693D700F3E399 /* AddressBook */,
				E6D0DDA7173693D800F3E399 /* AddressBookTests */,
			);
		};
/* End PBXProject section */

/* Begin PBXResourcesBuildPhase section */
		E6D0DD80173693D700F3E399 /* Resources */ = {
			isa = PBXResourcesBuildPhase;
			buildActionMask = 2147483647;
			files = (
				E6D0DDD71736951A00F3E399 /* Default-568h@2x.png in Resources */,
				E6D0DDD81736951A00F3E399 /* Default.png in Resources */,
				E6D0DDD91736951A00F3E399 /* Default@2x.png in Resources */,
				E6D0DDDA1736951A00F3E399 /* TutorialStoryboard.storyboard in Resources */,
				E6D0DE031736A4F800F3E399 /* tutorial_button_facebook.png in Resources */,
				E6D0DE041736A4F800F3E399 /* tutorial_button_facebook_touched.png in Resources */,
				E6D0DE091736AC4200F3E399 /* tutorial_button_cancel_import_touched.png in Resources */,
				E6D0DE0A1736AC4200F3E399 /* tutorial_button_cancel_import.png in Resources */,
				E6D0DE0D1736B63300F3E399 /* tutorial_button_gmail_touched.png in Resources */,
				E6D0DE0E1736B63300F3E399 /* tutorial_button_gmail.png in Resources */,
				E6D0DE111736C40100F3E399 /* tutorial_button_close_touched.png in Resources */,
				E6D0DE121736C40100F3E399 /* tutorial_button_close.png in Resources */,
				E692F18A1736D2EC005B0438 /* LoginViewController.xib in Resources */,
			);
			runOnlyForDeploymentPostprocessing = 0;
		};
		E6D0DDA5173693D800F3E399 /* Resources */ = {
			isa = PBXResourcesBuildPhase;
			buildActionMask = 2147483647;
			files = (
				E6D0DDB4173693D800F3E399 /* InfoPlist.strings in Resources */,
			);
			runOnlyForDeploymentPostprocessing = 0;
		};
/* End PBXResourcesBuildPhase section */

/* Begin PBXShellScriptBuildPhase section */
		E6D0DDA6173693D800F3E399 /* ShellScript */ = {
			isa = PBXShellScriptBuildPhase;
			buildActionMask = 2147483647;
			files = (
			);
			inputPaths = (
			);
			outputPaths = (
			);
			runOnlyForDeploymentPostprocessing = 0;
			shellPath = /bin/sh;
			shellScript = "# Run the unit tests in this test bundle.\n\"${SYSTEM_DEVELOPER_DIR}/Tools/RunUnitTests\"\n";
		};
/* End PBXShellScriptBuildPhase section */

/* Begin PBXSourcesBuildPhase section */
		E6D0DD7E173693D700F3E399 /* Sources */ = {
			isa = PBXSourcesBuildPhase;
			buildActionMask = 2147483647;
			files = (
				E6D0DDD51736951A00F3E399 /* AppDelegate.m in Sources */,
				E6D0DDD61736951A00F3E399 /* main.m in Sources */,
				E6D0DDF41736993400F3E399 /* NSURLRequest+Wantedly.mm in Sources */,
				E6D0DDF51736993400F3E399 /* NavigationController.m in Sources */,
				E6D0DDF61736993400F3E399 /* TableViewController.m in Sources */,
				E6D0DDF71736993400F3E399 /* WebViewController.m in Sources */,
				E6D0DDF81736993400F3E399 /* UIButton+Custom.m in Sources */,
				E6D0DDF91736993400F3E399 /* UIColor+Hexadecimal.m in Sources */,
				E6D0DDFE17369D0600F3E399 /* UINavigationBar+Custom.m in Sources */,
				E6D0DDFF17369D0600F3E399 /* UINavigationItem+Custom.m in Sources */,
				E6D0DE211736CD3400F3E399 /* TutorialNavigationController.m in Sources */,
				E6D0DE241736CD3400F3E399 /* WelcomeViewController.m in Sources */,
				E692F18D1736D896005B0438 /* SyncContactViewController.m in Sources */,
			);
			runOnlyForDeploymentPostprocessing = 0;
		};
		E6D0DDA3173693D800F3E399 /* Sources */ = {
			isa = PBXSourcesBuildPhase;
			buildActionMask = 2147483647;
			files = (
				E6D0DDB7173693D800F3E399 /* AddressBookTests.m in Sources */,
			);
			runOnlyForDeploymentPostprocessing = 0;
		};
/* End PBXSourcesBuildPhase section */

/* Begin PBXTargetDependency section */
		E6D0DDAE173693D800F3E399 /* PBXTargetDependency */ = {
			isa = PBXTargetDependency;
			target = E6D0DD81173693D700F3E399 /* AddressBook */;
			targetProxy = E6D0DDAD173693D800F3E399 /* PBXContainerItemProxy */;
		};
/* End PBXTargetDependency section */

/* Begin PBXVariantGroup section */
		E6D0DDB2173693D800F3E399 /* InfoPlist.strings */ = {
			isa = PBXVariantGroup;
			children = (
				E6D0DDB3173693D800F3E399 /* en */,
			);
			name = InfoPlist.strings;
			sourceTree = "<group>";
		};
/* End PBXVariantGroup section */

/* Begin XCBuildConfiguration section */
		E6D0DDB8173693D800F3E399 /* Debug */ = {
			isa = XCBuildConfiguration;
			buildSettings = {
				ALWAYS_SEARCH_USER_PATHS = NO;
				CLANG_CXX_LANGUAGE_STANDARD = "gnu++0x";
				CLANG_CXX_LIBRARY = "libc++";
				CLANG_ENABLE_OBJC_ARC = YES;
				CLANG_WARN_CONSTANT_CONVERSION = YES;
				CLANG_WARN_EMPTY_BODY = YES;
				CLANG_WARN_ENUM_CONVERSION = YES;
				CLANG_WARN_INT_CONVERSION = YES;
				CLANG_WARN__DUPLICATE_METHOD_MATCH = YES;
				"CODE_SIGN_IDENTITY[sdk=iphoneos*]" = "iPhone Developer";
				COPY_PHASE_STRIP = NO;
				GCC_C_LANGUAGE_STANDARD = gnu99;
				GCC_DYNAMIC_NO_PIC = NO;
				GCC_OPTIMIZATION_LEVEL = 0;
				GCC_PREPROCESSOR_DEFINITIONS = (
					"DEBUG=1",
					"$(inherited)",
				);
				GCC_SYMBOLS_PRIVATE_EXTERN = NO;
				GCC_WARN_ABOUT_RETURN_TYPE = YES;
				GCC_WARN_UNINITIALIZED_AUTOS = YES;
				GCC_WARN_UNUSED_VARIABLE = YES;
				IPHONEOS_DEPLOYMENT_TARGET = 5.0;
				ONLY_ACTIVE_ARCH = YES;
				SDKROOT = iphoneos;
			};
			name = Debug;
		};
		E6D0DDB9173693D800F3E399 /* Release */ = {
			isa = XCBuildConfiguration;
			buildSettings = {
				ALWAYS_SEARCH_USER_PATHS = NO;
				CLANG_CXX_LANGUAGE_STANDARD = "gnu++0x";
				CLANG_CXX_LIBRARY = "libc++";
				CLANG_ENABLE_OBJC_ARC = YES;
				CLANG_WARN_CONSTANT_CONVERSION = YES;
				CLANG_WARN_EMPTY_BODY = YES;
				CLANG_WARN_ENUM_CONVERSION = YES;
				CLANG_WARN_INT_CONVERSION = YES;
				CLANG_WARN__DUPLICATE_METHOD_MATCH = YES;
				"CODE_SIGN_IDENTITY[sdk=iphoneos*]" = "iPhone Developer";
				COPY_PHASE_STRIP = YES;
				GCC_C_LANGUAGE_STANDARD = gnu99;
				GCC_WARN_ABOUT_RETURN_TYPE = YES;
				GCC_WARN_UNINITIALIZED_AUTOS = YES;
				GCC_WARN_UNUSED_VARIABLE = YES;
				IPHONEOS_DEPLOYMENT_TARGET = 5.0;
				OTHER_CFLAGS = "-DNS_BLOCK_ASSERTIONS=1";
				SDKROOT = iphoneos;
				VALIDATE_PRODUCT = YES;
			};
			name = Release;
		};
		E6D0DDBB173693D800F3E399 /* Debug */ = {
			isa = XCBuildConfiguration;
			buildSettings = {
				GCC_PRECOMPILE_PREFIX_HEADER = YES;
				GCC_PREFIX_HEADER = "AddressBook/AddressBook-Prefix.pch";
				INFOPLIST_FILE = "AddressBook/AddressBook-Info.plist";
				IPHONEOS_DEPLOYMENT_TARGET = 5.0;
				PRODUCT_NAME = "$(TARGET_NAME)";
				WRAPPER_EXTENSION = app;
			};
			name = Debug;
		};
		E6D0DDBC173693D800F3E399 /* Release */ = {
			isa = XCBuildConfiguration;
			buildSettings = {
				GCC_PRECOMPILE_PREFIX_HEADER = YES;
				GCC_PREFIX_HEADER = "AddressBook/AddressBook-Prefix.pch";
				INFOPLIST_FILE = "AddressBook/AddressBook-Info.plist";
				IPHONEOS_DEPLOYMENT_TARGET = 5.0;
				PRODUCT_NAME = "$(TARGET_NAME)";
				WRAPPER_EXTENSION = app;
			};
			name = Release;
		};
		E6D0DDBE173693D800F3E399 /* Debug */ = {
			isa = XCBuildConfiguration;
			buildSettings = {
				BUNDLE_LOADER = "$(BUILT_PRODUCTS_DIR)/AddressBook.app/AddressBook";
				FRAMEWORK_SEARCH_PATHS = (
					"\"$(SDKROOT)/Developer/Library/Frameworks\"",
					"\"$(DEVELOPER_LIBRARY_DIR)/Frameworks\"",
				);
				GCC_PRECOMPILE_PREFIX_HEADER = YES;
				GCC_PREFIX_HEADER = "AddressBook/AddressBook-Prefix.pch";
				INFOPLIST_FILE = "AddressBookTests/AddressBookTests-Info.plist";
				PRODUCT_NAME = "$(TARGET_NAME)";
				TEST_HOST = "$(BUNDLE_LOADER)";
				WRAPPER_EXTENSION = octest;
			};
			name = Debug;
		};
		E6D0DDBF173693D800F3E399 /* Release */ = {
			isa = XCBuildConfiguration;
			buildSettings = {
				BUNDLE_LOADER = "$(BUILT_PRODUCTS_DIR)/AddressBook.app/AddressBook";
				FRAMEWORK_SEARCH_PATHS = (
					"\"$(SDKROOT)/Developer/Library/Frameworks\"",
					"\"$(DEVELOPER_LIBRARY_DIR)/Frameworks\"",
				);
				GCC_PRECOMPILE_PREFIX_HEADER = YES;
				GCC_PREFIX_HEADER = "AddressBook/AddressBook-Prefix.pch";
				INFOPLIST_FILE = "AddressBookTests/AddressBookTests-Info.plist";
				PRODUCT_NAME = "$(TARGET_NAME)";
				TEST_HOST = "$(BUNDLE_LOADER)";
				WRAPPER_EXTENSION = octest;
			};
			name = Release;
		};
/* End XCBuildConfiguration section */

/* Begin XCConfigurationList section */
		E6D0DD7D173693D700F3E399 /* Build configuration list for PBXProject "AddressBook" */ = {
			isa = XCConfigurationList;
			buildConfigurations = (
				E6D0DDB8173693D800F3E399 /* Debug */,
				E6D0DDB9173693D800F3E399 /* Release */,
			);
			defaultConfigurationIsVisible = 0;
			defaultConfigurationName = Release;
		};
		E6D0DDBA173693D800F3E399 /* Build configuration list for PBXNativeTarget "AddressBook" */ = {
			isa = XCConfigurationList;
			buildConfigurations = (
				E6D0DDBB173693D800F3E399 /* Debug */,
				E6D0DDBC173693D800F3E399 /* Release */,
			);
			defaultConfigurationIsVisible = 0;
			defaultConfigurationName = Release;
		};
		E6D0DDBD173693D800F3E399 /* Build configuration list for PBXNativeTarget "AddressBookTests" */ = {
			isa = XCConfigurationList;
			buildConfigurations = (
				E6D0DDBE173693D800F3E399 /* Debug */,
				E6D0DDBF173693D800F3E399 /* Release */,
			);
			defaultConfigurationIsVisible = 0;
			defaultConfigurationName = Release;
		};
/* End XCConfigurationList section */
	};
	rootObject = E6D0DD7A173693D700F3E399 /* Project object */;
}
